
Microsoft Visual Studio Solution File, Format Version 12.00
# Visual Studio Version 16
VisualStudioVersion = 16.0.30717.126
MinimumVisualStudioVersion = 10.0.40219.1
Project("{FAE04EC0-301F-11D3-BF4B-00C04F79EFBC}") = "MES.module.BLL", "MES.module.BLL\MES.module.BLL.csproj", "{1C2B57C3-3E5E-42CB-8F1E-7DD1AC5A5925}"
EndProject
Project("{FAE04EC0-301F-11D3-BF4B-00C04F79EFBC}") = "MES.module.model", "MES.module.model\MES.module.model.csproj", "{475F6B17-E77E-4E4D-A915-8F257C0969D8}"
EndProject
Project("{FAE04EC0-301F-11D3-BF4B-00C04F79EFBC}") = "MES.form", "MES.form\MES.form.csproj", "{4227C96B-F84D-47F1-8326-879A9F8B45FB}"
	ProjectSection(ProjectDependencies) = postProject
		{5081835F-EF9D-47D7-B9C8-1C0852526A7C} = {5081835F-EF9D-47D7-B9C8-1C0852526A7C}
	EndProjectSection
EndProject
Project("{FAE04EC0-301F-11D3-BF4B-00C04F79EFBC}") = "MES.Web_services", "MES.Web_services\MES.Web_services.csproj", "{9E67C5C2-1678-4E09-9CFA-4A98F9010D49}"
EndProject
Project("{FAE04EC0-301F-11D3-BF4B-00C04F79EFBC}") = "DBConn", "DBConn\DBConn.csproj", "{37E11581-7A5D-4DB2-AD68-7915F2B598CD}"
EndProject
Project("{FAE04EC0-301F-11D3-BF4B-00C04F79EFBC}") = "MES.module.DAL", "MES.module.DAL\MES.module.DAL.csproj", "{186D0CFE-C404-46F2-B2C4-11BB9A4A1E85}"
EndProject
Project("{FAE04EC0-301F-11D3-BF4B-00C04F79EFBC}") = "MES.module.Base", "MES.module.Base\MES.module.Base.csproj", "{F8462227-0C8D-4DA4-8800-CECF3DA9AB99}"
EndProject
Project("{FAE04EC0-301F-11D3-BF4B-00C04F79EFBC}") = "MyContrals", "MyContrals\MyContrals.csproj", "{16C8FC7B-5824-42C0-88EA-DC6F10A09DD4}"
EndProject
Project("{FAE04EC0-301F-11D3-BF4B-00C04F79EFBC}") = "MES.Services", "MES.Services\MES.Services.csproj", "{05E04101-B392-4EDF-9747-AED30905B08E}"
EndProject
Project("{FAE04EC0-301F-11D3-BF4B-00C04F79EFBC}") = "SocketHelper", "SocketHelper\SocketHelper.csproj", "{2E9AC112-75CC-4FB6-B058-F9C7424514EF}"
EndProject
Project("{FAE04EC0-301F-11D3-BF4B-00C04F79EFBC}") = "TX.Framework.WindowUI", "TX.Framework.WindowUI\TX.Framework.WindowUI.csproj", "{E8746B10-EAAF-44B7-95CC-29E4C42EC8D5}"
EndProject
Project("{FAE04EC0-301F-11D3-BF4B-00C04F79EFBC}") = "MES.Web_services_MES", "WebApplication_Test\MES.Web_services_MES.csproj", "{5081835F-EF9D-47D7-B9C8-1C0852526A7C}"
EndProject
Project("{FAE04EC0-301F-11D3-BF4B-00C04F79EFBC}") = "Helper", "Helper\Helper.csproj", "{953E9438-9604-4CFC-B97E-907A710DB1FE}"
EndProject
Project("{FAE04EC0-301F-11D3-BF4B-00C04F79EFBC}") = "MES.WindowsService_GetOrder", "MES.WindowsService\MES.WindowsService_GetOrder.csproj", "{98E34907-460A-4369-A32C-8A9AF8B59654}"
EndProject
Project("{FAE04EC0-301F-11D3-BF4B-00C04F79EFBC}") = "WorkerService1", "WorkerService1\WorkerService1.csproj", "{EB2B7B83-B603-4589-ABD9-623240491035}"
EndProject
Project("{9A19103F-16F7-4668-BE54-9A1E7A4F7556}") = "Helper_Core", "Helper_Core\Helper_Core.csproj", "{BAD95C5A-B9A2-4B8A-B608-A883BF168755}"
EndProject
Global
	GlobalSection(SolutionConfigurationPlatforms) = preSolution
		Debug|Any CPU = Debug|Any CPU
		Debug|x86 = Debug|x86
		Release|Any CPU = Release|Any CPU
		Release|x86 = Release|x86
	EndGlobalSection
	GlobalSection(ProjectConfigurationPlatforms) = postSolution
		{1C2B57C3-3E5E-42CB-8F1E-7DD1AC5A5925}.Debug|Any CPU.ActiveCfg = Debug|Any CPU
		{1C2B57C3-3E5E-42CB-8F1E-7DD1AC5A5925}.Debug|Any CPU.Build.0 = Debug|Any CPU
		{1C2B57C3-3E5E-42CB-8F1E-7DD1AC5A5925}.Debug|x86.ActiveCfg = Debug|Any CPU
		{1C2B57C3-3E5E-42CB-8F1E-7DD1AC5A5925}.Debug|x86.Build.0 = Debug|Any CPU
		{1C2B57C3-3E5E-42CB-8F1E-7DD1AC5A5925}.Release|Any CPU.ActiveCfg = Release|Any CPU
		{1C2B57C3-3E5E-42CB-8F1E-7DD1AC5A5925}.Release|Any CPU.Build.0 = Release|Any CPU
		{1C2B57C3-3E5E-42CB-8F1E-7DD1AC5A5925}.Release|x86.ActiveCfg = Release|Any CPU
		{1C2B57C3-3E5E-42CB-8F1E-7DD1AC5A5925}.Release|x86.Build.0 = Release|Any CPU
		{475F6B17-E77E-4E4D-A915-8F257C0969D8}.Debug|Any CPU.ActiveCfg = Debug|Any CPU
		{475F6B17-E77E-4E4D-A915-8F257C0969D8}.Debug|Any CPU.Build.0 = Debug|Any CPU
		{475F6B17-E77E-4E4D-A915-8F257C0969D8}.Debug|x86.ActiveCfg = Debug|Any CPU
		{475F6B17-E77E-4E4D-A915-8F257C0969D8}.Debug|x86.Build.0 = Debug|Any CPU
		{475F6B17-E77E-4E4D-A915-8F257C0969D8}.Release|Any CPU.ActiveCfg = Release|Any CPU
		{475F6B17-E77E-4E4D-A915-8F257C0969D8}.Release|Any CPU.Build.0 = Release|Any CPU
		{475F6B17-E77E-4E4D-A915-8F257C0969D8}.Release|x86.ActiveCfg = Release|Any CPU
		{475F6B17-E77E-4E4D-A915-8F257C0969D8}.Release|x86.Build.0 = Release|Any CPU
		{4227C96B-F84D-47F1-8326-879A9F8B45FB}.Debug|Any CPU.ActiveCfg = Debug|Any CPU
		{4227C96B-F84D-47F1-8326-879A9F8B45FB}.Debug|Any CPU.Build.0 = Debug|Any CPU
		{4227C96B-F84D-47F1-8326-879A9F8B45FB}.Debug|x86.ActiveCfg = Debug|Any CPU
		{4227C96B-F84D-47F1-8326-879A9F8B45FB}.Debug|x86.Build.0 = Debug|Any CPU
		{4227C96B-F84D-47F1-8326-879A9F8B45FB}.Release|Any CPU.ActiveCfg = Release|Any CPU
		{4227C96B-F84D-47F1-8326-879A9F8B45FB}.Release|Any CPU.Build.0 = Release|Any CPU
		{4227C96B-F84D-47F1-8326-879A9F8B45FB}.Release|x86.ActiveCfg = Release|Any CPU
		{4227C96B-F84D-47F1-8326-879A9F8B45FB}.Release|x86.Build.0 = Release|Any CPU
		{9E67C5C2-1678-4E09-9CFA-4A98F9010D49}.Debug|Any CPU.ActiveCfg = Debug|Any CPU
		{9E67C5C2-1678-4E09-9CFA-4A98F9010D49}.Debug|Any CPU.Build.0 = Debug|Any CPU
		{9E67C5C2-1678-4E09-9CFA-4A98F9010D49}.Debug|x86.ActiveCfg = Debug|Any CPU
		{9E67C5C2-1678-4E09-9CFA-4A98F9010D49}.Debug|x86.Build.0 = Debug|Any CPU
		{9E67C5C2-1678-4E09-9CFA-4A98F9010D49}.Release|Any CPU.ActiveCfg = Release|Any CPU
		{9E67C5C2-1678-4E09-9CFA-4A98F9010D49}.Release|Any CPU.Build.0 = Release|Any CPU
		{9E67C5C2-1678-4E09-9CFA-4A98F9010D49}.Release|x86.ActiveCfg = Release|Any CPU
		{9E67C5C2-1678-4E09-9CFA-4A98F9010D49}.Release|x86.Build.0 = Release|Any CPU
		{37E11581-7A5D-4DB2-AD68-7915F2B598CD}.Debug|Any CPU.ActiveCfg = Debug|Any CPU
		{37E11581-7A5D-4DB2-AD68-7915F2B598CD}.Debug|Any CPU.Build.0 = Debug|Any CPU
		{37E11581-7A5D-4DB2-AD68-7915F2B598CD}.Debug|x86.ActiveCfg = Debug|Any CPU
		{37E11581-7A5D-4DB2-AD68-7915F2B598CD}.Debug|x86.Build.0 = Debug|Any CPU
		{37E11581-7A5D-4DB2-AD68-7915F2B598CD}.Release|Any CPU.ActiveCfg = Release|Any CPU
		{37E11581-7A5D-4DB2-AD68-7915F2B598CD}.Release|Any CPU.Build.0 = Release|Any CPU
		{37E11581-7A5D-4DB2-AD68-7915F2B598CD}.Release|x86.ActiveCfg = Release|Any CPU
		{37E11581-7A5D-4DB2-AD68-7915F2B598CD}.Release|x86.Build.0 = Release|Any CPU
		{186D0CFE-C404-46F2-B2C4-11BB9A4A1E85}.Debug|Any CPU.ActiveCfg = Debug|Any CPU
		{186D0CFE-C404-46F2-B2C4-11BB9A4A1E85}.Debug|Any CPU.Build.0 = Debug|Any CPU
		{186D0CFE-C404-46F2-B2C4-11BB9A4A1E85}.Debug|x86.ActiveCfg = Debug|Any CPU
		{186D0CFE-C404-46F2-B2C4-11BB9A4A1E85}.Debug|x86.Build.0 = Debug|Any CPU
		{186D0CFE-C404-46F2-B2C4-11BB9A4A1E85}.Release|Any CPU.ActiveCfg = Release|Any CPU
		{186D0CFE-C404-46F2-B2C4-11BB9A4A1E85}.Release|Any CPU.Build.0 = Release|Any CPU
		{186D0CFE-C404-46F2-B2C4-11BB9A4A1E85}.Release|x86.ActiveCfg = Release|Any CPU
		{186D0CFE-C404-46F2-B2C4-11BB9A4A1E85}.Release|x86.Build.0 = Release|Any CPU
		{F8462227-0C8D-4DA4-8800-CECF3DA9AB99}.Debug|Any CPU.ActiveCfg = Debug|Any CPU
		{F8462227-0C8D-4DA4-8800-CECF3DA9AB99}.Debug|Any CPU.Build.0 = Debug|Any CPU
		{F8462227-0C8D-4DA4-8800-CECF3DA9AB99}.Debug|x86.ActiveCfg = Debug|Any CPU
		{F8462227-0C8D-4DA4-8800-CECF3DA9AB99}.Debug|x86.Build.0 = Debug|Any CPU
		{F8462227-0C8D-4DA4-8800-CECF3DA9AB99}.Release|Any CPU.ActiveCfg = Release|Any CPU
		{F8462227-0C8D-4DA4-8800-CECF3DA9AB99}.Release|Any CPU.Build.0 = Release|Any CPU
		{F8462227-0C8D-4DA4-8800-CECF3DA9AB99}.Release|x86.ActiveCfg = Release|Any CPU
		{F8462227-0C8D-4DA4-8800-CECF3DA9AB99}.Release|x86.Build.0 = Release|Any CPU
		{16C8FC7B-5824-42C0-88EA-DC6F10A09DD4}.Debug|Any CPU.ActiveCfg = Debug|Any CPU
		{16C8FC7B-5824-42C0-88EA-DC6F10A09DD4}.Debug|Any CPU.Build.0 = Debug|Any CPU
		{16C8FC7B-5824-42C0-88EA-DC6F10A09DD4}.Debug|x86.ActiveCfg = Debug|Any CPU
		{16C8FC7B-5824-42C0-88EA-DC6F10A09DD4}.Debug|x86.Build.0 = Debug|Any CPU
		{16C8FC7B-5824-42C0-88EA-DC6F10A09DD4}.Release|Any CPU.ActiveCfg = Release|Any CPU
		{16C8FC7B-5824-42C0-88EA-DC6F10A09DD4}.Release|Any CPU.Build.0 = Release|Any CPU
		{16C8FC7B-5824-42C0-88EA-DC6F10A09DD4}.Release|x86.ActiveCfg = Release|Any CPU
		{16C8FC7B-5824-42C0-88EA-DC6F10A09DD4}.Release|x86.Build.0 = Release|Any CPU
		{05E04101-B392-4EDF-9747-AED30905B08E}.Debug|Any CPU.ActiveCfg = Debug|Any CPU
		{05E04101-B392-4EDF-9747-AED30905B08E}.Debug|Any CPU.Build.0 = Debug|Any CPU
		{05E04101-B392-4EDF-9747-AED30905B08E}.Debug|x86.ActiveCfg = Debug|Any CPU
		{05E04101-B392-4EDF-9747-AED30905B08E}.Debug|x86.Build.0 = Debug|Any CPU
		{05E04101-B392-4EDF-9747-AED30905B08E}.Release|Any CPU.ActiveCfg = Release|Any CPU
		{05E04101-B392-4EDF-9747-AED30905B08E}.Release|Any CPU.Build.0 = Release|Any CPU
		{05E04101-B392-4EDF-9747-AED30905B08E}.Release|x86.ActiveCfg = Release|Any CPU
		{05E04101-B392-4EDF-9747-AED30905B08E}.Release|x86.Build.0 = Release|Any CPU
		{2E9AC112-75CC-4FB6-B058-F9C7424514EF}.Debug|Any CPU.ActiveCfg = Debug|Any CPU
		{2E9AC112-75CC-4FB6-B058-F9C7424514EF}.Debug|Any CPU.Build.0 = Debug|Any CPU
		{2E9AC112-75CC-4FB6-B058-F9C7424514EF}.Debug|x86.ActiveCfg = Debug|Any CPU
		{2E9AC112-75CC-4FB6-B058-F9C7424514EF}.Debug|x86.Build.0 = Debug|Any CPU
		{2E9AC112-75CC-4FB6-B058-F9C7424514EF}.Release|Any CPU.ActiveCfg = Release|Any CPU
		{2E9AC112-75CC-4FB6-B058-F9C7424514EF}.Release|Any CPU.Build.0 = Release|Any CPU
		{2E9AC112-75CC-4FB6-B058-F9C7424514EF}.Release|x86.ActiveCfg = Release|Any CPU
		{2E9AC112-75CC-4FB6-B058-F9C7424514EF}.Release|x86.Build.0 = Release|Any CPU
		{E8746B10-EAAF-44B7-95CC-29E4C42EC8D5}.Debug|Any CPU.ActiveCfg = Debug|Any CPU
		{E8746B10-EAAF-44B7-95CC-29E4C42EC8D5}.Debug|Any CPU.Build.0 = Debug|Any CPU
		{E8746B10-EAAF-44B7-95CC-29E4C42EC8D5}.Debug|x86.ActiveCfg = Debug|x86
		{E8746B10-EAAF-44B7-95CC-29E4C42EC8D5}.Debug|x86.Build.0 = Debug|x86
		{E8746B10-EAAF-44B7-95CC-29E4C42EC8D5}.Release|Any CPU.ActiveCfg = Release|Any CPU
		{E8746B10-EAAF-44B7-95CC-29E4C42EC8D5}.Release|Any CPU.Build.0 = Release|Any CPU
		{E8746B10-EAAF-44B7-95CC-29E4C42EC8D5}.Release|x86.ActiveCfg = Release|x86
		{E8746B10-EAAF-44B7-95CC-29E4C42EC8D5}.Release|x86.Build.0 = Release|x86
		{5081835F-EF9D-47D7-B9C8-1C0852526A7C}.Debug|Any CPU.ActiveCfg = Debug|Any CPU
		{5081835F-EF9D-47D7-B9C8-1C0852526A7C}.Debug|Any CPU.Build.0 = Debug|Any CPU
		{5081835F-EF9D-47D7-B9C8-1C0852526A7C}.Debug|x86.ActiveCfg = Debug|Any CPU
		{5081835F-EF9D-47D7-B9C8-1C0852526A7C}.Debug|x86.Build.0 = Debug|Any CPU
		{5081835F-EF9D-47D7-B9C8-1C0852526A7C}.Release|Any CPU.ActiveCfg = Release|Any CPU
		{5081835F-EF9D-47D7-B9C8-1C0852526A7C}.Release|Any CPU.Build.0 = Release|Any CPU
		{5081835F-EF9D-47D7-B9C8-1C0852526A7C}.Release|x86.ActiveCfg = Release|Any CPU
		{5081835F-EF9D-47D7-B9C8-1C0852526A7C}.Release|x86.Build.0 = Release|Any CPU
		{953E9438-9604-4CFC-B97E-907A710DB1FE}.Debug|Any CPU.ActiveCfg = Debug|Any CPU
		{953E9438-9604-4CFC-B97E-907A710DB1FE}.Debug|Any CPU.Build.0 = Debug|Any CPU
		{953E9438-9604-4CFC-B97E-907A710DB1FE}.Debug|x86.ActiveCfg = Debug|Any CPU
		{953E9438-9604-4CFC-B97E-907A710DB1FE}.Debug|x86.Build.0 = Debug|Any CPU
		{953E9438-9604-4CFC-B97E-907A710DB1FE}.Release|Any CPU.ActiveCfg = Release|Any CPU
		{953E9438-9604-4CFC-B97E-907A710DB1FE}.Release|Any CPU.Build.0 = Release|Any CPU
		{953E9438-9604-4CFC-B97E-907A710DB1FE}.Release|x86.ActiveCfg = Release|Any CPU
		{953E9438-9604-4CFC-B97E-907A710DB1FE}.Release|x86.Build.0 = Release|Any CPU
		{98E34907-460A-4369-A32C-8A9AF8B59654}.Debug|Any CPU.ActiveCfg = Debug|Any CPU
		{98E34907-460A-4369-A32C-8A9AF8B59654}.Debug|Any CPU.Build.0 = Debug|Any CPU
		{98E34907-460A-4369-A32C-8A9AF8B59654}.Debug|x86.ActiveCfg = Debug|Any CPU
		{98E34907-460A-4369-A32C-8A9AF8B59654}.Debug|x86.Build.0 = Debug|Any CPU
		{98E34907-460A-4369-A32C-8A9AF8B59654}.Release|Any CPU.ActiveCfg = Release|Any CPU
		{98E34907-460A-4369-A32C-8A9AF8B59654}.Release|Any CPU.Build.0 = Release|Any CPU
		{98E34907-460A-4369-A32C-8A9AF8B59654}.Release|x86.ActiveCfg = Release|Any CPU
		{98E34907-460A-4369-A32C-8A9AF8B59654}.Release|x86.Build.0 = Release|Any CPU
		{EB2B7B83-B603-4589-ABD9-623240491035}.Debug|Any CPU.ActiveCfg = Debug|Any CPU
		{EB2B7B83-B603-4589-ABD9-623240491035}.Debug|Any CPU.Build.0 = Debug|Any CPU
		{EB2B7B83-B603-4589-ABD9-623240491035}.Debug|x86.ActiveCfg = Debug|Any CPU
		{EB2B7B83-B603-4589-ABD9-623240491035}.Debug|x86.Build.0 = Debug|Any CPU
		{EB2B7B83-B603-4589-ABD9-623240491035}.Release|Any CPU.ActiveCfg = Release|Any CPU
		{EB2B7B83-B603-4589-ABD9-623240491035}.Release|Any CPU.Build.0 = Release|Any CPU
		{EB2B7B83-B603-4589-ABD9-623240491035}.Release|x86.ActiveCfg = Release|Any CPU
		{EB2B7B83-B603-4589-ABD9-623240491035}.Release|x86.Build.0 = Release|Any CPU
		{BAD95C5A-B9A2-4B8A-B608-A883BF168755}.Debug|Any CPU.ActiveCfg = Debug|Any CPU
		{BAD95C5A-B9A2-4B8A-B608-A883BF168755}.Debug|Any CPU.Build.0 = Debug|Any CPU
		{BAD95C5A-B9A2-4B8A-B608-A883BF168755}.Debug|x86.ActiveCfg = Debug|Any CPU
		{BAD95C5A-B9A2-4B8A-B608-A883BF168755}.Debug|x86.Build.0 = Debug|Any CPU
		{BAD95C5A-B9A2-4B8A-B608-A883BF168755}.Release|Any CPU.ActiveCfg = Release|Any CPU
		{BAD95C5A-B9A2-4B8A-B608-A883BF168755}.Release|Any CPU.Build.0 = Release|Any CPU
		{BAD95C5A-B9A2-4B8A-B608-A883BF168755}.Release|x86.ActiveCfg = Release|Any CPU
		{BAD95C5A-B9A2-4B8A-B608-A883BF168755}.Release|x86.Build.0 = Release|Any CPU
	EndGlobalSection
	GlobalSection(SolutionProperties) = preSolution
		HideSolutionNode = FALSE
	EndGlobalSection
	GlobalSection(ExtensibilityGlobals) = postSolution
		SolutionGuid = {2CDDC1F6-474D-48C7-8A7C-B0B79CC6FD0F}
	EndGlobalSection
EndGlobal
